
Microsoft Visual Studio Solution File, Format Version 12.00
# Visual Studio Version 16
VisualStudioVersion = 16.0.29609.76
MinimumVisualStudioVersion = 10.0.40219.1
Project("{FAE04EC0-301F-11D3-BF4B-00C04F79EFBC}") = "RouteHubDapperPractice", "RouteHubDapperPractice\RouteHubDapperPractice.csproj", "{7B9FD2DD-0012-4303-AC67-4EC1BF749CFA}"
EndProject
Global
	GlobalSection(SolutionConfigurationPlatforms) = preSolution
		Debug|Any CPU = Debug|Any CPU
		Release|Any CPU = Release|Any CPU
	EndGlobalSection
	GlobalSection(ProjectConfigurationPlatforms) = postSolution
		{7B9FD2DD-0012-4303-AC67-4EC1BF749CFA}.Debug|Any CPU.ActiveCfg = Debug|Any CPU
		{7B9FD2DD-0012-4303-AC67-4EC1BF749CFA}.Debug|Any CPU.Build.0 = Debug|Any CPU
		{7B9FD2DD-0012-4303-AC67-4EC1BF749CFA}.Release|Any CPU.ActiveCfg = Release|Any CPU
		{7B9FD2DD-0012-4303-AC67-4EC1BF749CFA}.Release|Any CPU.Build.0 = Release|Any CPU
	EndGlobalSection
	GlobalSection(SolutionProperties) = preSolution
		HideSolutionNode = FALSE
	EndGlobalSection
	GlobalSection(ExtensibilityGlobals) = postSolution
		SolutionGuid = {E7AC2F3E-DF86-401B-9B9C-9C90F4C06F8F}
	EndGlobalSection
EndGlobal
